
Microsoft Visual Studio Solution File, Format Version 12.00
# Visual Studio 15
VisualStudioVersion = 15.0.27130.2036
MinimumVisualStudioVersion = 10.0.40219.1
Project("{FAE04EC0-301F-11D3-BF4B-00C04F79EFBC}") = "eMoneyAdvisorTest", "eMoneyAdvisorTest\eMoneyAdvisorTest.csproj", "{92496F13-465B-4EAE-A9B7-C3FB125A255A}"
EndProject
Global
	GlobalSection(SolutionConfigurationPlatforms) = preSolution
		Debug|Any CPU = Debug|Any CPU
		Release|Any CPU = Release|Any CPU
	EndGlobalSection
	GlobalSection(ProjectConfigurationPlatforms) = postSolution
		{92496F13-465B-4EAE-A9B7-C3FB125A255A}.Debug|Any CPU.ActiveCfg = Debug|Any CPU
		{92496F13-465B-4EAE-A9B7-C3FB125A255A}.Debug|Any CPU.Build.0 = Debug|Any CPU
		{92496F13-465B-4EAE-A9B7-C3FB125A255A}.Release|Any CPU.ActiveCfg = Release|Any CPU
		{92496F13-465B-4EAE-A9B7-C3FB125A255A}.Release|Any CPU.Build.0 = Release|Any CPU
	EndGlobalSection
	GlobalSection(SolutionProperties) = preSolution
		HideSolutionNode = FALSE
	EndGlobalSection
	GlobalSection(ExtensibilityGlobals) = postSolution
		SolutionGuid = {0EA2116C-AA4A-4B71-99E5-265215DA52F2}
	EndGlobalSection
EndGlobal
